{
	"name": "@jianghe/slate-react",
	"version": "0.22.10-3",
	"lockfileVersion": 1,
	"requires": true,
	"dependencies": {
		"@jianghe/slate": {
			"version": "0.47.9-3",
			"resolved": "https://registry.npmjs.org/@jianghe/slate/-/slate-0.47.9-3.tgz",
			"integrity": "sha512-3VWMd4gijEkdfdf8ZMsqZ1pTZ+2sM6BwcSv8CKPTHiXGlCUV0WiNCBZ8W5RV2BClop2O81tVUk6j+nzvElP//A==",
			"dev": true,
			"requires": {
				"debug": "^3.1.0",
				"direction": "^0.1.5",
				"esrever": "^0.2.0",
				"is-plain-object": "^2.0.4",
				"lodash": "^4.17.4",
				"tiny-invariant": "^1.0.1",
				"tiny-warning": "^0.0.3",
				"type-of": "^2.0.1"
			}
		},
		"@jianghe/slate-base64-serializer": {
			"version": "0.2.112-3",
			"resolved": "https://registry.npmjs.org/@jianghe/slate-base64-serializer/-/slate-base64-serializer-0.2.112-3.tgz",
			"integrity": "sha512-AynbUPVIRDG5WbXAwtMzZT5ChF18K6C7ctS7+qF5DQPrW9kegT1+Tz5Vz4nMrkk9pInN8AoD3dKB3cEZdxX2qA==",
			"requires": {
				"isomorphic-base64": "^1.0.2"
			}
		},
		"@jianghe/slate-dev-environment": {
			"version": "0.2.3-3",
			"resolved": "https://registry.npmjs.org/@jianghe/slate-dev-environment/-/slate-dev-environment-0.2.3-3.tgz",
			"integrity": "sha512-sMbU9ZPQNz0iq6psaqzCdHt0XxS2A1SyAAwreVJHttzeEC2mvbYOhsq4T3nHMQKqBAVAjbHlIFS5xUY+BSb9Sw==",
			"requires": {
				"is-in-browser": "^1.1.3"
			}
		},
		"@jianghe/slate-hotkeys": {
			"version": "0.2.10-3",
			"resolved": "https://registry.npmjs.org/@jianghe/slate-hotkeys/-/slate-hotkeys-0.2.10-3.tgz",
			"integrity": "sha512-DsK9QUzCVCpmm26xDpHy25HSU3O4qJo/GDLVeeK2Vi27538DaJUV3n2+kaYHC85Vo84E4wRONqKhifDa5jQH4g==",
			"requires": {
				"@jianghe/slate-dev-environment": "^0.2.3-3",
				"is-hotkey": "0.1.4"
			}
		},
		"@jianghe/slate-hyperscript": {
			"version": "0.13.9-3",
			"resolved": "https://registry.npmjs.org/@jianghe/slate-hyperscript/-/slate-hyperscript-0.13.9-3.tgz",
			"integrity": "sha512-n0NYLGpJXDCjIBi6gD1e5c8VDK143+GyOaLDi0PUeavtvfyZ1O+jp6LIZImXkfu+nVP9hJ75LKDg1AXIaU27+Q==",
			"dev": true,
			"requires": {
				"is-plain-object": "^2.0.4"
			}
		},
		"@jianghe/slate-plain-serializer": {
			"version": "0.7.11-3",
			"resolved": "https://registry.npmjs.org/@jianghe/slate-plain-serializer/-/slate-plain-serializer-0.7.11-3.tgz",
			"integrity": "sha512-rGYXe2ky/VsNYTwPm5gUrjb0t54cCjZXNUj6d6BIjgEh7T0fLa69A6y4hvxFs3OJxrbISWwU5ovRubiVQol4jA==",
			"requires": {
				"@jianghe/slate-react-placeholder": "^0.2.9-3"
			}
		},
		"@jianghe/slate-react-placeholder": {
			"version": "0.2.9-3",
			"resolved": "https://registry.npmjs.org/@jianghe/slate-react-placeholder/-/slate-react-placeholder-0.2.9-3.tgz",
			"integrity": "sha512-X80Ybmu+NXdDBKvcIBnQ+9ydXTqWDYQV01JI/XLDW8v3A0rs563ZrU05Sev7wfNA6RKA1A8fsD+4NRut+MFAQA=="
		},
		"commander": {
			"version": "2.3.0",
			"resolved": "https://registry.npmjs.org/commander/-/commander-2.3.0.tgz",
			"integrity": "sha1-/UMOiJgy7DU7ms0d4hfBHLPu+HM=",
			"dev": true
		},
		"debug": {
			"version": "3.2.7",
			"resolved": "https://registry.npmjs.org/debug/-/debug-3.2.7.tgz",
			"integrity": "sha512-CFjzYYAi4ThfiQvizrFQevTTXHtnCqWfe7x1AhgEscTz6ZbLbfoLRLPugTQyBth6f8ZERVUSyWHFD/7Wu4t1XQ==",
			"requires": {
				"ms": "^2.1.1"
			}
		},
		"diff": {
			"version": "1.4.0",
			"resolved": "https://registry.npmjs.org/diff/-/diff-1.4.0.tgz",
			"integrity": "sha1-fyjS657nsVqX79ic5j3P2qPMur8=",
			"dev": true
		},
		"direction": {
			"version": "0.1.5",
			"resolved": "https://registry.npmjs.org/direction/-/direction-0.1.5.tgz",
			"integrity": "sha1-zl15f5fib4vnvv9T99xA4cGp7Ew=",
			"dev": true
		},
		"escape-string-regexp": {
			"version": "1.0.2",
			"resolved": "https://registry.npmjs.org/escape-string-regexp/-/escape-string-regexp-1.0.2.tgz",
			"integrity": "sha1-Tbwv5nTnGUnK8/smlc5/LcHZqNE=",
			"dev": true
		},
		"esrever": {
			"version": "0.2.0",
			"resolved": "https://registry.npmjs.org/esrever/-/esrever-0.2.0.tgz",
			"integrity": "sha1-lunSj08bGnZ4TNXUkOquAQ50B7g=",
			"dev": true
		},
		"get-document": {
			"version": "1.0.0",
			"resolved": "https://registry.npmjs.org/get-document/-/get-document-1.0.0.tgz",
			"integrity": "sha1-SCG85m8cJMsDMWAr5strEsTwHEs="
		},
		"get-window": {
			"version": "1.1.2",
			"resolved": "https://registry.npmjs.org/get-window/-/get-window-1.1.2.tgz",
			"integrity": "sha512-yjWpFcy9fjhLQHW1dPtg9ga4pmizLY8y4ZSHdGrAQ1NU277MRhnGnnLPxe19X8W5lWVsCZz++5xEuNozWMVmTw==",
			"requires": {
				"get-document": "1"
			}
		},
		"glob": {
			"version": "3.2.11",
			"resolved": "https://registry.npmjs.org/glob/-/glob-3.2.11.tgz",
			"integrity": "sha1-Spc/Y1uRkPcV0QmH1cAP0oFevj0=",
			"dev": true,
			"requires": {
				"inherits": "2",
				"minimatch": "0.3"
			}
		},
		"growl": {
			"version": "1.9.2",
			"resolved": "https://registry.npmjs.org/growl/-/growl-1.9.2.tgz",
			"integrity": "sha1-Dqd0NxXbjY3ixe3hd14bRayFwC8=",
			"dev": true
		},
		"immutable": {
			"version": "3.8.2",
			"resolved": "https://registry.npmjs.org/immutable/-/immutable-3.8.2.tgz",
			"integrity": "sha1-wkOZUUVbs5kT2vKBN28VMOEErfM=",
			"dev": true
		},
		"inherits": {
			"version": "2.0.4",
			"resolved": "https://registry.npmjs.org/inherits/-/inherits-2.0.4.tgz",
			"integrity": "sha512-k/vGaX4/Yla3WzyMCvTQOXYeIHvqOKtnqBduzTHpzpQZzAskKMhZ2K+EnBiSM9zGSoIFeMpXKxa4dYeZIQqewQ==",
			"dev": true
		},
		"invariant": {
			"version": "2.2.4",
			"resolved": "https://registry.npmjs.org/invariant/-/invariant-2.2.4.tgz",
			"integrity": "sha512-phJfQVBuaJM5raOpJjSfkiD6BpbCE4Ns//LaXl6wGYtUBY83nWS6Rf9tXm2e8VaK60JEjYldbPif/A2B1C2gNA==",
			"requires": {
				"loose-envify": "^1.0.0"
			}
		},
		"is-hotkey": {
			"version": "0.1.4",
			"resolved": "https://registry.npmjs.org/is-hotkey/-/is-hotkey-0.1.4.tgz",
			"integrity": "sha512-Py+aW4r5mBBY18TGzGz286/gKS+fCQ0Hee3qkaiSmEPiD0PqFpe0wuA3l7rTOUKyeXl8Mxf3XzJxIoTlSv+kxA=="
		},
		"is-in-browser": {
			"version": "1.1.3",
			"resolved": "https://registry.npmjs.org/is-in-browser/-/is-in-browser-1.1.3.tgz",
			"integrity": "sha1-Vv9NtoOgeMYILrldrX3GLh0E+DU="
		},
		"is-plain-object": {
			"version": "2.0.4",
			"resolved": "https://registry.npmjs.org/is-plain-object/-/is-plain-object-2.0.4.tgz",
			"integrity": "sha512-h5PpgXkWitc38BBMYawTYMWJHFZJVnBquFE57xFpjB8pJFiF6gZ+bU+WyI/yqXiFR5mdLsgYNaPe8uao6Uv9Og==",
			"dev": true,
			"requires": {
				"isobject": "^3.0.1"
			}
		},
		"is-window": {
			"version": "1.0.2",
			"resolved": "https://registry.npmjs.org/is-window/-/is-window-1.0.2.tgz",
			"integrity": "sha1-LIlspT25feRdPDMTOmXYyfVjSA0="
		},
		"isobject": {
			"version": "3.0.1",
			"resolved": "https://registry.npmjs.org/isobject/-/isobject-3.0.1.tgz",
			"integrity": "sha1-TkMekrEalzFjaqH5yNHMvP2reN8=",
			"dev": true
		},
		"isomorphic-base64": {
			"version": "1.0.2",
			"resolved": "https://registry.npmjs.org/isomorphic-base64/-/isomorphic-base64-1.0.2.tgz",
			"integrity": "sha1-9Caq6CVpuopOxcpzrSGkSrHueAM="
		},
		"jade": {
			"version": "0.26.3",
			"resolved": "https://registry.npmjs.org/jade/-/jade-0.26.3.tgz",
			"integrity": "sha1-jxDXl32NefL2/4YqgbBRPMslaGw=",
			"dev": true,
			"requires": {
				"commander": "0.6.1",
				"mkdirp": "0.3.0"
			},
			"dependencies": {
				"commander": {
					"version": "0.6.1",
					"resolved": "https://registry.npmjs.org/commander/-/commander-0.6.1.tgz",
					"integrity": "sha1-+mihT2qUXVTbvlDYzbMyDp47GgY=",
					"dev": true
				},
				"mkdirp": {
					"version": "0.3.0",
					"resolved": "https://registry.npmjs.org/mkdirp/-/mkdirp-0.3.0.tgz",
					"integrity": "sha1-G79asbqCevI1dRQ0kEJkVfSB/h4=",
					"dev": true
				}
			}
		},
		"js-tokens": {
			"version": "4.0.0",
			"resolved": "https://registry.npmjs.org/js-tokens/-/js-tokens-4.0.0.tgz",
			"integrity": "sha512-RdJUflcE3cUzKiMqQgsCu06FPu9UdIJO0beYbPhHN4k6apgJtifcoCtT9bcxOpYBtpD2kCM6Sbzg4CausW/PKQ=="
		},
		"lodash": {
			"version": "4.17.21",
			"resolved": "https://registry.npmjs.org/lodash/-/lodash-4.17.21.tgz",
			"integrity": "sha512-v2kDEe57lecTulaDIuNTPy3Ry4gLGJ6Z1O3vE1krgXZNrsQ+LFTGHVxVjcXPs17LhbZVGedAJv8XZ1tvj5FvSg=="
		},
		"loose-envify": {
			"version": "1.4.0",
			"resolved": "https://registry.npmjs.org/loose-envify/-/loose-envify-1.4.0.tgz",
			"integrity": "sha512-lyuxPGr/Wfhrlem2CL/UcnUc1zcqKAImBDzukY7Y5F/yQiNdko6+fRLevlw1HgMySw7f611UIY408EtxRSoK3Q==",
			"requires": {
				"js-tokens": "^3.0.0 || ^4.0.0"
			}
		},
		"lru-cache": {
			"version": "2.7.3",
			"resolved": "https://registry.npmjs.org/lru-cache/-/lru-cache-2.7.3.tgz",
			"integrity": "sha1-bUUk6LlV+V1PW1iFHOId1y+06VI=",
			"dev": true
		},
		"memoize-one": {
			"version": "4.0.3",
			"resolved": "https://registry.npmjs.org/memoize-one/-/memoize-one-4.0.3.tgz",
			"integrity": "sha512-QmpUu4KqDmX0plH4u+tf0riMc1KHE1+lw95cMrLlXQAFOx/xnBtwhZ52XJxd9X2O6kwKBqX32kmhbhlobD0cuw=="
		},
		"minimatch": {
			"version": "0.3.0",
			"resolved": "https://registry.npmjs.org/minimatch/-/minimatch-0.3.0.tgz",
			"integrity": "sha1-J12O2qxPG7MyZHIInnlJyDlGmd0=",
			"dev": true,
			"requires": {
				"lru-cache": "2",
				"sigmund": "~1.0.0"
			}
		},
		"minimist": {
			"version": "0.0.8",
			"resolved": "https://registry.npmjs.org/minimist/-/minimist-0.0.8.tgz",
			"integrity": "sha1-hX/Kv8M5fSYluCKCYuhqp6ARsF0=",
			"dev": true
		},
		"mkdirp": {
			"version": "0.5.1",
			"resolved": "https://registry.npmjs.org/mkdirp/-/mkdirp-0.5.1.tgz",
			"integrity": "sha1-MAV0OOrGz3+MR2fzhkjWaX11yQM=",
			"dev": true,
			"requires": {
				"minimist": "0.0.8"
			}
		},
		"mocha": {
			"version": "2.5.3",
			"resolved": "https://registry.npmjs.org/mocha/-/mocha-2.5.3.tgz",
			"integrity": "sha1-FhvlvetJZ3HrmzV0UFC2IrWu/Fg=",
			"dev": true,
			"requires": {
				"commander": "2.3.0",
				"debug": "2.2.0",
				"diff": "1.4.0",
				"escape-string-regexp": "1.0.2",
				"glob": "3.2.11",
				"growl": "1.9.2",
				"jade": "0.26.3",
				"mkdirp": "0.5.1",
				"supports-color": "1.2.0",
				"to-iso-string": "0.0.2"
			},
			"dependencies": {
				"debug": {
					"version": "2.2.0",
					"resolved": "https://registry.npmjs.org/debug/-/debug-2.2.0.tgz",
					"integrity": "sha1-+HBX6ZWxofauaklgZkE3vFbwOdo=",
					"dev": true,
					"requires": {
						"ms": "0.7.1"
					}
				},
				"ms": {
					"version": "0.7.1",
					"resolved": "https://registry.npmjs.org/ms/-/ms-0.7.1.tgz",
					"integrity": "sha1-nNE8A62/8ltl7/3nzoZO6VIBcJg=",
					"dev": true
				}
			}
		},
		"ms": {
			"version": "2.1.3",
			"resolved": "https://registry.npmjs.org/ms/-/ms-2.1.3.tgz",
			"integrity": "sha512-6FlzubTLZG3J2a/NVCAleEhjzq5oxgHyaCU9yYXvcLsvoVaHJq/s5xXI6/XXP6tz7R9xAOtHnSO/tXtF3WRTlA=="
		},
		"object-assign": {
			"version": "4.1.1",
			"resolved": "https://registry.npmjs.org/object-assign/-/object-assign-4.1.1.tgz",
			"integrity": "sha1-IQmtx5ZYh8/AXLvUQsrIv7s2CGM=",
			"dev": true
		},
		"prop-types": {
			"version": "15.7.2",
			"resolved": "https://registry.npmjs.org/prop-types/-/prop-types-15.7.2.tgz",
			"integrity": "sha512-8QQikdH7//R2vurIJSutZ1smHYTcLpRWEOlHnzcWHmBYrOGUysKwSsrC89BCiFj3CbrfJ/nXFdJepOVrY1GCHQ==",
			"requires": {
				"loose-envify": "^1.4.0",
				"object-assign": "^4.1.1",
				"react-is": "^16.8.1"
			},
			"dependencies": {
				"js-tokens": {
					"version": "4.0.0",
					"resolved": "https://registry.npmjs.org/js-tokens/-/js-tokens-4.0.0.tgz",
					"integrity": "sha512-RdJUflcE3cUzKiMqQgsCu06FPu9UdIJO0beYbPhHN4k6apgJtifcoCtT9bcxOpYBtpD2kCM6Sbzg4CausW/PKQ=="
				},
				"loose-envify": {
					"version": "1.4.0",
					"resolved": "https://registry.npmjs.org/loose-envify/-/loose-envify-1.4.0.tgz",
					"integrity": "sha512-lyuxPGr/Wfhrlem2CL/UcnUc1zcqKAImBDzukY7Y5F/yQiNdko6+fRLevlw1HgMySw7f611UIY408EtxRSoK3Q==",
					"requires": {
						"js-tokens": "^3.0.0 || ^4.0.0"
					}
				},
				"object-assign": {
					"version": "4.1.1",
					"resolved": "https://registry.npmjs.org/object-assign/-/object-assign-4.1.1.tgz",
					"integrity": "sha1-IQmtx5ZYh8/AXLvUQsrIv7s2CGM="
				},
				"react-is": {
					"version": "16.13.1",
					"resolved": "https://registry.npmjs.org/react-is/-/react-is-16.13.1.tgz",
					"integrity": "sha512-24e6ynE2H+OKt4kqsOvNd8kBpV65zoxbA4BVsEOB3ARVWQki/DHzaUoC5KuON/BiccDaCCTZBuOcfZs70kR8bQ=="
				}
			}
		},
		"react-immutable-proptypes": {
			"version": "2.2.0",
			"resolved": "https://registry.npmjs.org/react-immutable-proptypes/-/react-immutable-proptypes-2.2.0.tgz",
			"integrity": "sha512-Vf4gBsePlwdGvSZoLSBfd4HAP93HDauMY4fDjXhreg/vg6F3Fj/MXDNyTbltPC/xZKmZc+cjLu3598DdYK6sgQ==",
			"requires": {
				"invariant": "^2.2.2"
			}
		},
		"react-is": {
			"version": "16.13.1",
			"resolved": "https://registry.npmjs.org/react-is/-/react-is-16.13.1.tgz",
			"integrity": "sha512-24e6ynE2H+OKt4kqsOvNd8kBpV65zoxbA4BVsEOB3ARVWQki/DHzaUoC5KuON/BiccDaCCTZBuOcfZs70kR8bQ==",
			"dev": true
		},
		"react-test-renderer": {
			"version": "16.14.0",
			"resolved": "https://registry.npmjs.org/react-test-renderer/-/react-test-renderer-16.14.0.tgz",
			"integrity": "sha512-L8yPjqPE5CZO6rKsKXRO/rVPiaCOy0tQQJbC+UjPNlobl5mad59lvPjwFsQHTvL03caVDIVr9x9/OSgDe6I5Eg==",
			"dev": true,
			"requires": {
				"object-assign": "^4.1.1",
				"prop-types": "^15.6.2",
				"react-is": "^16.8.6",
				"scheduler": "^0.19.1"
			}
		},
		"scheduler": {
			"version": "0.19.1",
			"resolved": "https://registry.npmjs.org/scheduler/-/scheduler-0.19.1.tgz",
			"integrity": "sha512-n/zwRWRYSUj0/3g/otKDRPMh6qv2SYMWNq85IEa8iZyAv8od9zDYpGSnpBEjNgcMNq6Scbu5KfIPxNF72R/2EA==",
			"dev": true,
			"requires": {
				"loose-envify": "^1.1.0",
				"object-assign": "^4.1.1"
			}
		},
		"selection-is-backward": {
			"version": "1.0.0",
			"resolved": "https://registry.npmjs.org/selection-is-backward/-/selection-is-backward-1.0.0.tgz",
			"integrity": "sha1-l6VGMxiKURq6ZBn8XB+pG0Z+a+E="
		},
		"sigmund": {
			"version": "1.0.1",
			"resolved": "https://registry.npmjs.org/sigmund/-/sigmund-1.0.1.tgz",
			"integrity": "sha1-P/IfGYytIXX587eBhT/ZTQ0ZtZA=",
			"dev": true
		},
		"supports-color": {
			"version": "1.2.0",
			"resolved": "https://registry.npmjs.org/supports-color/-/supports-color-1.2.0.tgz",
			"integrity": "sha1-/x7R5hFp0Gs88tWI4YixjYhH4X4=",
			"dev": true
		},
		"tiny-invariant": {
			"version": "1.1.0",
			"resolved": "https://registry.npmjs.org/tiny-invariant/-/tiny-invariant-1.1.0.tgz",
			"integrity": "sha512-ytxQvrb1cPc9WBEI/HSeYYoGD0kWnGEOR8RY6KomWLBVhqz0RgTwVO9dLrGz7dC+nN9llyI7OKAgRq8Vq4ZBSw=="
		},
		"tiny-warning": {
			"version": "0.0.3",
			"resolved": "https://registry.npmjs.org/tiny-warning/-/tiny-warning-0.0.3.tgz",
			"integrity": "sha512-r0SSA5Y5IWERF9Xh++tFPx0jITBgGggOsRLDWWew6YRw/C2dr4uNO1fw1vanrBmHsICmPyMLNBZboTlxUmUuaA=="
		},
		"to-iso-string": {
			"version": "0.0.2",
			"resolved": "https://registry.npmjs.org/to-iso-string/-/to-iso-string-0.0.2.tgz",
			"integrity": "sha1-TcGeZk38y+Jb2NtQiwDG2hWCVdE=",
			"dev": true
		},
		"type-of": {
			"version": "2.0.1",
			"resolved": "https://registry.npmjs.org/type-of/-/type-of-2.0.1.tgz",
			"integrity": "sha1-5yoXQYllaOn2KDeNgW1pEvfyOXI=",
			"dev": true
		}
	}
}
